
Microsoft Visual Studio Solution File, Format Version 12.00
# Visual Studio Version 17
VisualStudioVersion = 17.5.33424.131
MinimumVisualStudioVersion = 10.0.40219.1
Project("{FAE04EC0-301F-11D3-BF4B-00C04F79EFBC}") = "MovieSystem-Minimal-Api", "MovieSystem-Minimal-Api.csproj", "{A85D3C25-B590-4F7C-BEE5-3C29C0C0DA7A}"
EndProject
Global
	GlobalSection(SolutionConfigurationPlatforms) = preSolution
		Debug|Any CPU = Debug|Any CPU
		Release|Any CPU = Release|Any CPU
	EndGlobalSection
	GlobalSection(ProjectConfigurationPlatforms) = postSolution
		{A85D3C25-B590-4F7C-BEE5-3C29C0C0DA7A}.Debug|Any CPU.ActiveCfg = Debug|Any CPU
		{A85D3C25-B590-4F7C-BEE5-3C29C0C0DA7A}.Debug|Any CPU.Build.0 = Debug|Any CPU
		{A85D3C25-B590-4F7C-BEE5-3C29C0C0DA7A}.Release|Any CPU.ActiveCfg = Release|Any CPU
		{A85D3C25-B590-4F7C-BEE5-3C29C0C0DA7A}.Release|Any CPU.Build.0 = Release|Any CPU
	EndGlobalSection
	GlobalSection(SolutionProperties) = preSolution
		HideSolutionNode = FALSE
	EndGlobalSection
	GlobalSection(ExtensibilityGlobals) = postSolution
		SolutionGuid = {2D02BBBC-0ECB-4528-AD33-BBAA9F6230E4}
	EndGlobalSection
EndGlobal
